// !$*UTF8*$!
{
	archiveVersion = 1;
	classes = {
	};
	objectVersion = 56;
	objects = {

/* Begin PBXBuildFile section */
		B23B878F2AE0CA69002815B5 /* EmployeeService.swift in Sources */ = {isa = PBXBuildFile; fileRef = B23B878E2AE0CA69002815B5 /* EmployeeService.swift */; };
		B23B87922AE0CD86002815B5 /* EmployeeTableCell.swift in Sources */ = {isa = PBXBuildFile; fileRef = B23B87902AE0CD86002815B5 /* EmployeeTableCell.swift */; };
		B23B87932AE0CD86002815B5 /* EmployeeTableCell.xib in Resources */ = {isa = PBXBuildFile; fileRef = B23B87912AE0CD86002815B5 /* EmployeeTableCell.xib */; };
		B23B87982AE0CF68002815B5 /* EmployeeTableViewController.swift in Sources */ = {isa = PBXBuildFile; fileRef = B23B87972AE0CF68002815B5 /* EmployeeTableViewController.swift */; };
		B23B879C2AE0E3EF002815B5 /* LocalStorage.xcdatamodeld in Sources */ = {isa = PBXBuildFile; fileRef = B23B879A2AE0E3EF002815B5 /* LocalStorage.xcdatamodeld */; };
		B23B87A02AE105E3002815B5 /* EmployeeModel.swift in Sources */ = {isa = PBXBuildFile; fileRef = B23B879F2AE105E3002815B5 /* EmployeeModel.swift */; };
		B23B87A52AE10795002815B5 /* EmployeeViewModel.swift in Sources */ = {isa = PBXBuildFile; fileRef = B23B87A42AE10795002815B5 /* EmployeeViewModel.swift */; };
		B23B87A72AE10862002815B5 /* APIService.swift in Sources */ = {isa = PBXBuildFile; fileRef = B23B87A62AE10862002815B5 /* APIService.swift */; };
		B2A8E1292ADFBB4300965282 /* GetCharacterDetail.swift in Sources */ = {isa = PBXBuildFile; fileRef = B2A8E1282ADFBB4300965282 /* GetCharacterDetail.swift */; };
		B2A8E12B2ADFBDCE00965282 /* GetEmployeDetails.swift in Sources */ = {isa = PBXBuildFile; fileRef = B2A8E12A2ADFBDCE00965282 /* GetEmployeDetails.swift */; };
		B2BD23B12AD792BD0024961E /* AppDelegate.swift in Sources */ = {isa = PBXBuildFile; fileRef = B2BD23B02AD792BD0024961E /* AppDelegate.swift */; };
		B2BD23B32AD792BD0024961E /* SceneDelegate.swift in Sources */ = {isa = PBXBuildFile; fileRef = B2BD23B22AD792BD0024961E /* SceneDelegate.swift */; };
		B2BD23B52AD792BD0024961E /* ViewController.swift in Sources */ = {isa = PBXBuildFile; fileRef = B2BD23B42AD792BD0024961E /* ViewController.swift */; };
		B2BD23B82AD792BD0024961E /* Main.storyboard in Resources */ = {isa = PBXBuildFile; fileRef = B2BD23B62AD792BD0024961E /* Main.storyboard */; };
		B2BD23BB2AD792BD0024961E /* training.xcdatamodeld in Sources */ = {isa = PBXBuildFile; fileRef = B2BD23B92AD792BD0024961E /* training.xcdatamodeld */; };
		B2BD23BD2AD792BE0024961E /* Assets.xcassets in Resources */ = {isa = PBXBuildFile; fileRef = B2BD23BC2AD792BE0024961E /* Assets.xcassets */; };
		B2BD23C02AD792BE0024961E /* LaunchScreen.storyboard in Resources */ = {isa = PBXBuildFile; fileRef = B2BD23BE2AD792BE0024961E /* LaunchScreen.storyboard */; };
		B2BD23CB2AD792BE0024961E /* trainingTests.swift in Sources */ = {isa = PBXBuildFile; fileRef = B2BD23CA2AD792BE0024961E /* trainingTests.swift */; };
		B2BD23D52AD792BE0024961E /* trainingUITests.swift in Sources */ = {isa = PBXBuildFile; fileRef = B2BD23D42AD792BE0024961E /* trainingUITests.swift */; };
		B2BD23D72AD792BE0024961E /* trainingUITestsLaunchTests.swift in Sources */ = {isa = PBXBuildFile; fileRef = B2BD23D62AD792BE0024961E /* trainingUITestsLaunchTests.swift */; };
		B2BD23EC2AD929A10024961E /* ImagePageController.swift in Sources */ = {isa = PBXBuildFile; fileRef = B2BD23EB2AD929A10024961E /* ImagePageController.swift */; };
		B2BD23EE2AD92A1F0024961E /* ReadTabControllerViewController.swift in Sources */ = {isa = PBXBuildFile; fileRef = B2BD23ED2AD92A1F0024961E /* ReadTabControllerViewController.swift */; };
		B2BD23F02AD92C7D0024961E /* ImageViewController.swift in Sources */ = {isa = PBXBuildFile; fileRef = B2BD23EF2AD92C7D0024961E /* ImageViewController.swift */; };
		B2BD23F22AD936090024961E /* UIImageCollectionController.swift in Sources */ = {isa = PBXBuildFile; fileRef = B2BD23F12AD936090024961E /* UIImageCollectionController.swift */; };
		B2BD23FA2AD938C60024961E /* ProfileTableViewCell.swift in Sources */ = {isa = PBXBuildFile; fileRef = B2BD23F82AD938C60024961E /* ProfileTableViewCell.swift */; };
		B2BD23FB2AD938C60024961E /* ProfileTableViewCell.xib in Resources */ = {isa = PBXBuildFile; fileRef = B2BD23F92AD938C60024961E /* ProfileTableViewCell.xib */; };
		B2BD23FF2AD93D400024961E /* ImageCollectionViewCell.swift in Sources */ = {isa = PBXBuildFile; fileRef = B2BD23FD2AD93D400024961E /* ImageCollectionViewCell.swift */; };
		B2BD24002AD93D400024961E /* ImageCollectionViewCell.xib in Resources */ = {isa = PBXBuildFile; fileRef = B2BD23FE2AD93D400024961E /* ImageCollectionViewCell.xib */; };
		B2E9826D2ADF70FE004A35F9 /* DTableViewController.swift in Sources */ = {isa = PBXBuildFile; fileRef = B2E9826C2ADF70FE004A35F9 /* DTableViewController.swift */; };
		DA704DE2A637F36D1243FA0F /* Pods_training.framework in Frameworks */ = {isa = PBXBuildFile; fileRef = EFB768885D54F567021A3DA6 /* Pods_training.framework */; };
/* End PBXBuildFile section */

/* Begin PBXContainerItemProxy section */
		B2BD23C72AD792BE0024961E /* PBXContainerItemProxy */ = {
			isa = PBXContainerItemProxy;
			containerPortal = B2BD23A52AD792BD0024961E /* Project object */;
			proxyType = 1;
			remoteGlobalIDString = B2BD23AC2AD792BD0024961E;
			remoteInfo = training;
		};
		B2BD23D12AD792BE0024961E /* PBXContainerItemProxy */ = {
			isa = PBXContainerItemProxy;
			containerPortal = B2BD23A52AD792BD0024961E /* Project object */;
			proxyType = 1;
			remoteGlobalIDString = B2BD23AC2AD792BD0024961E;
			remoteInfo = training;
		};
/* End PBXContainerItemProxy section */

/* Begin PBXFileReference section */
		641524DBF6877BB320272639 /* Pods-training.release.xcconfig */ = {isa = PBXFileReference; includeInIndex = 1; lastKnownFileType = text.xcconfig; name = "Pods-training.release.xcconfig"; path = "Target Support Files/Pods-training/Pods-training.release.xcconfig"; sourceTree = "<group>"; };
		8AA5413CC5A82060C47D8019 /* Pods-training.debug.xcconfig */ = {isa = PBXFileReference; includeInIndex = 1; lastKnownFileType = text.xcconfig; name = "Pods-training.debug.xcconfig"; path = "Target Support Files/Pods-training/Pods-training.debug.xcconfig"; sourceTree = "<group>"; };
		B23B878E2AE0CA69002815B5 /* EmployeeService.swift */ = {isa = PBXFileReference; lastKnownFileType = sourcecode.swift; path = EmployeeService.swift; sourceTree = "<group>"; };
		B23B87902AE0CD86002815B5 /* EmployeeTableCell.swift */ = {isa = PBXFileReference; lastKnownFileType = sourcecode.swift; path = EmployeeTableCell.swift; sourceTree = "<group>"; };
		B23B87912AE0CD86002815B5 /* EmployeeTableCell.xib */ = {isa = PBXFileReference; lastKnownFileType = file.xib; path = EmployeeTableCell.xib; sourceTree = "<group>"; };
		B23B87972AE0CF68002815B5 /* EmployeeTableViewController.swift */ = {isa = PBXFileReference; lastKnownFileType = sourcecode.swift; path = EmployeeTableViewController.swift; sourceTree = "<group>"; };
		B23B879B2AE0E3EF002815B5 /* Employee.xcdatamodel */ = {isa = PBXFileReference; lastKnownFileType = wrapper.xcdatamodel; path = Employee.xcdatamodel; sourceTree = "<group>"; };
		B23B879F2AE105E3002815B5 /* EmployeeModel.swift */ = {isa = PBXFileReference; lastKnownFileType = sourcecode.swift; path = EmployeeModel.swift; sourceTree = "<group>"; };
		B23B87A42AE10795002815B5 /* EmployeeViewModel.swift */ = {isa = PBXFileReference; lastKnownFileType = sourcecode.swift; path = EmployeeViewModel.swift; sourceTree = "<group>"; };
		B23B87A62AE10862002815B5 /* APIService.swift */ = {isa = PBXFileReference; lastKnownFileType = sourcecode.swift; path = APIService.swift; sourceTree = "<group>"; };
		B2A8E1282ADFBB4300965282 /* GetCharacterDetail.swift */ = {isa = PBXFileReference; lastKnownFileType = sourcecode.swift; path = GetCharacterDetail.swift; sourceTree = "<group>"; };
		B2A8E12A2ADFBDCE00965282 /* GetEmployeDetails.swift */ = {isa = PBXFileReference; lastKnownFileType = sourcecode.swift; path = GetEmployeDetails.swift; sourceTree = "<group>"; };
		B2BD23AD2AD792BD0024961E /* training.app */ = {isa = PBXFileReference; explicitFileType = wrapper.application; includeInIndex = 0; path = training.app; sourceTree = BUILT_PRODUCTS_DIR; };
		B2BD23B02AD792BD0024961E /* AppDelegate.swift */ = {isa = PBXFileReference; lastKnownFileType = sourcecode.swift; path = AppDelegate.swift; sourceTree = "<group>"; };
		B2BD23B22AD792BD0024961E /* SceneDelegate.swift */ = {isa = PBXFileReference; lastKnownFileType = sourcecode.swift; path = SceneDelegate.swift; sourceTree = "<group>"; };
		B2BD23B42AD792BD0024961E /* ViewController.swift */ = {isa = PBXFileReference; lastKnownFileType = sourcecode.swift; path = ViewController.swift; sourceTree = "<group>"; };
		B2BD23B72AD792BD0024961E /* Base */ = {isa = PBXFileReference; lastKnownFileType = file.storyboard; name = Base; path = Base.lproj/Main.storyboard; sourceTree = "<group>"; };
		B2BD23BA2AD792BD0024961E /* training.xcdatamodel */ = {isa = PBXFileReference; lastKnownFileType = wrapper.xcdatamodel; path = training.xcdatamodel; sourceTree = "<group>"; };
		B2BD23BC2AD792BE0024961E /* Assets.xcassets */ = {isa = PBXFileReference; lastKnownFileType = folder.assetcatalog; path = Assets.xcassets; sourceTree = "<group>"; };
		B2BD23BF2AD792BE0024961E /* Base */ = {isa = PBXFileReference; lastKnownFileType = file.storyboard; name = Base; path = Base.lproj/LaunchScreen.storyboard; sourceTree = "<group>"; };
		B2BD23C12AD792BE0024961E /* Info.plist */ = {isa = PBXFileReference; lastKnownFileType = text.plist.xml; path = Info.plist; sourceTree = "<group>"; };
		B2BD23C62AD792BE0024961E /* trainingTests.xctest */ = {isa = PBXFileReference; explicitFileType = wrapper.cfbundle; includeInIndex = 0; path = trainingTests.xctest; sourceTree = BUILT_PRODUCTS_DIR; };
		B2BD23CA2AD792BE0024961E /* trainingTests.swift */ = {isa = PBXFileReference; lastKnownFileType = sourcecode.swift; path = trainingTests.swift; sourceTree = "<group>"; };
		B2BD23D02AD792BE0024961E /* trainingUITests.xctest */ = {isa = PBXFileReference; explicitFileType = wrapper.cfbundle; includeInIndex = 0; path = trainingUITests.xctest; sourceTree = BUILT_PRODUCTS_DIR; };
		B2BD23D42AD792BE0024961E /* trainingUITests.swift */ = {isa = PBXFileReference; lastKnownFileType = sourcecode.swift; path = trainingUITests.swift; sourceTree = "<group>"; };
		B2BD23D62AD792BE0024961E /* trainingUITestsLaunchTests.swift */ = {isa = PBXFileReference; lastKnownFileType = sourcecode.swift; path = trainingUITestsLaunchTests.swift; sourceTree = "<group>"; };
		B2BD23EB2AD929A10024961E /* ImagePageController.swift */ = {isa = PBXFileReference; lastKnownFileType = sourcecode.swift; path = ImagePageController.swift; sourceTree = "<group>"; };
		B2BD23ED2AD92A1F0024961E /* ReadTabControllerViewController.swift */ = {isa = PBXFileReference; lastKnownFileType = sourcecode.swift; path = ReadTabControllerViewController.swift; sourceTree = "<group>"; };
		B2BD23EF2AD92C7D0024961E /* ImageViewController.swift */ = {isa = PBXFileReference; lastKnownFileType = sourcecode.swift; path = ImageViewController.swift; sourceTree = "<group>"; };
		B2BD23F12AD936090024961E /* UIImageCollectionController.swift */ = {isa = PBXFileReference; lastKnownFileType = sourcecode.swift; path = UIImageCollectionController.swift; sourceTree = "<group>"; };
		B2BD23F82AD938C60024961E /* ProfileTableViewCell.swift */ = {isa = PBXFileReference; lastKnownFileType = sourcecode.swift; path = ProfileTableViewCell.swift; sourceTree = "<group>"; };
		B2BD23F92AD938C60024961E /* ProfileTableViewCell.xib */ = {isa = PBXFileReference; lastKnownFileType = file.xib; path = ProfileTableViewCell.xib; sourceTree = "<group>"; };
		B2BD23FD2AD93D400024961E /* ImageCollectionViewCell.swift */ = {isa = PBXFileReference; lastKnownFileType = sourcecode.swift; path = ImageCollectionViewCell.swift; sourceTree = "<group>"; };
		B2BD23FE2AD93D400024961E /* ImageCollectionViewCell.xib */ = {isa = PBXFileReference; lastKnownFileType = file.xib; path = ImageCollectionViewCell.xib; sourceTree = "<group>"; };
		B2E9826C2ADF70FE004A35F9 /* DTableViewController.swift */ = {isa = PBXFileReference; lastKnownFileType = sourcecode.swift; path = DTableViewController.swift; sourceTree = "<group>"; };
		EFB768885D54F567021A3DA6 /* Pods_training.framework */ = {isa = PBXFileReference; explicitFileType = wrapper.framework; includeInIndex = 0; path = Pods_training.framework; sourceTree = BUILT_PRODUCTS_DIR; };
/* End PBXFileReference section */

/* Begin PBXFrameworksBuildPhase section */
		B2BD23AA2AD792BD0024961E /* Frameworks */ = {
			isa = PBXFrameworksBuildPhase;
			buildActionMask = 2147483647;
			files = (
				DA704DE2A637F36D1243FA0F /* Pods_training.framework in Frameworks */,
			);
			runOnlyForDeploymentPostprocessing = 0;
		};
		B2BD23C32AD792BE0024961E /* Frameworks */ = {
			isa = PBXFrameworksBuildPhase;
			buildActionMask = 2147483647;
			files = (
			);
			runOnlyForDeploymentPostprocessing = 0;
		};
		B2BD23CD2AD792BE0024961E /* Frameworks */ = {
			isa = PBXFrameworksBuildPhase;
			buildActionMask = 2147483647;
			files = (
			);
			runOnlyForDeploymentPostprocessing = 0;
		};
/* End PBXFrameworksBuildPhase section */

/* Begin PBXGroup section */
		1961B4204E3E3C8D3B3B787A /* Pods */ = {
			isa = PBXGroup;
			children = (
				8AA5413CC5A82060C47D8019 /* Pods-training.debug.xcconfig */,
				641524DBF6877BB320272639 /* Pods-training.release.xcconfig */,
			);
			path = Pods;
			sourceTree = "<group>";
		};
		90DA259B25B6290D5DC47F04 /* Frameworks */ = {
			isa = PBXGroup;
			children = (
				EFB768885D54F567021A3DA6 /* Pods_training.framework */,
			);
			name = Frameworks;
			sourceTree = "<group>";
		};
		B23B878A2AE0C94B002815B5 /* assessment-day-4 */ = {
			isa = PBXGroup;
			children = (
				B23B87A32AE10778002815B5 /* View */,
				B23B87A22AE10759002815B5 /* ViewModel */,
				B23B87A12AE1061C002815B5 /* Services */,
				B23B879E2AE105CE002815B5 /* Model */,
				B23B879D2AE1058D002815B5 /* API */,
				B23B87942AE0CD8E002815B5 /* TableCell */,
			);
			path = "assessment-day-4";
			sourceTree = "<group>";
		};
		B23B87942AE0CD8E002815B5 /* TableCell */ = {
			isa = PBXGroup;
			children = (
				B23B87902AE0CD86002815B5 /* EmployeeTableCell.swift */,
				B23B87912AE0CD86002815B5 /* EmployeeTableCell.xib */,
			);
			path = TableCell;
			sourceTree = "<group>";
		};
		B23B879D2AE1058D002815B5 /* API */ = {
			isa = PBXGroup;
			children = (
				B23B87A62AE10862002815B5 /* APIService.swift */,
			);
			path = API;
			sourceTree = "<group>";
		};
		B23B879E2AE105CE002815B5 /* Model */ = {
			isa = PBXGroup;
			children = (
				B23B879F2AE105E3002815B5 /* EmployeeModel.swift */,
			);
			path = Model;
			sourceTree = "<group>";
		};
		B23B87A12AE1061C002815B5 /* Services */ = {
			isa = PBXGroup;
			children = (
				B23B878E2AE0CA69002815B5 /* EmployeeService.swift */,
			);
			path = Services;
			sourceTree = "<group>";
		};
		B23B87A22AE10759002815B5 /* ViewModel */ = {
			isa = PBXGroup;
			children = (
				B23B87A42AE10795002815B5 /* EmployeeViewModel.swift */,
			);
			path = ViewModel;
			sourceTree = "<group>";
		};
		B23B87A32AE10778002815B5 /* View */ = {
			isa = PBXGroup;
			children = (
				B23B87972AE0CF68002815B5 /* EmployeeTableViewController.swift */,
			);
			path = View;
			sourceTree = "<group>";
		};
		B2A8E1272ADFBB1600965282 /* API */ = {
			isa = PBXGroup;
			children = (
				B2A8E1282ADFBB4300965282 /* GetCharacterDetail.swift */,
			);
			path = API;
			sourceTree = "<group>";
		};
		B2A8E12C2ADFD3BE00965282 /* assessment-day-3 */ = {
			isa = PBXGroup;
			children = (
				B2E9826C2ADF70FE004A35F9 /* DTableViewController.swift */,
				B2A8E12A2ADFBDCE00965282 /* GetEmployeDetails.swift */,
				B2BD23F32AD937FA0024961E /* TableViewCell */,
			);
			path = "assessment-day-3";
			sourceTree = "<group>";
		};
		B2BD23A42AD792BD0024961E = {
			isa = PBXGroup;
			children = (
				B23B878A2AE0C94B002815B5 /* assessment-day-4 */,
				B2A8E12C2ADFD3BE00965282 /* assessment-day-3 */,
				B2BD23AF2AD792BD0024961E /* training */,
				B2BD23C92AD792BE0024961E /* trainingTests */,
				B2BD23D32AD792BE0024961E /* trainingUITests */,
				B2BD23AE2AD792BD0024961E /* Products */,
				1961B4204E3E3C8D3B3B787A /* Pods */,
				90DA259B25B6290D5DC47F04 /* Frameworks */,
			);
			sourceTree = "<group>";
		};
		B2BD23AE2AD792BD0024961E /* Products */ = {
			isa = PBXGroup;
			children = (
				B2BD23AD2AD792BD0024961E /* training.app */,
				B2BD23C62AD792BE0024961E /* trainingTests.xctest */,
				B2BD23D02AD792BE0024961E /* trainingUITests.xctest */,
			);
			name = Products;
			sourceTree = "<group>";
		};
		B2BD23AF2AD792BD0024961E /* training */ = {
			isa = PBXGroup;
			children = (
				B2A8E1272ADFBB1600965282 /* API */,
				B2BD23B02AD792BD0024961E /* AppDelegate.swift */,
				B2BD23FC2AD93CFE0024961E /* ImageCollectionViewCell */,
				B23B879A2AE0E3EF002815B5 /* LocalStorage.xcdatamodeld */,
				B2BD23B22AD792BD0024961E /* SceneDelegate.swift */,
				B2BD23B42AD792BD0024961E /* ViewController.swift */,
				B2BD23B62AD792BD0024961E /* Main.storyboard */,
				B2BD23F12AD936090024961E /* UIImageCollectionController.swift */,
				B2BD23EF2AD92C7D0024961E /* ImageViewController.swift */,
				B2BD23ED2AD92A1F0024961E /* ReadTabControllerViewController.swift */,
				B2BD23BC2AD792BE0024961E /* Assets.xcassets */,
				B2BD23EB2AD929A10024961E /* ImagePageController.swift */,
				B2BD23BE2AD792BE0024961E /* LaunchScreen.storyboard */,
				B2BD23C12AD792BE0024961E /* Info.plist */,
				B2BD23B92AD792BD0024961E /* training.xcdatamodeld */,
			);
			path = training;
			sourceTree = "<group>";
		};
		B2BD23C92AD792BE0024961E /* trainingTests */ = {
			isa = PBXGroup;
			children = (
				B2BD23CA2AD792BE0024961E /* trainingTests.swift */,
			);
			path = trainingTests;
			sourceTree = "<group>";
		};
		B2BD23D32AD792BE0024961E /* trainingUITests */ = {
			isa = PBXGroup;
			children = (
				B2BD23D42AD792BE0024961E /* trainingUITests.swift */,
				B2BD23D62AD792BE0024961E /* trainingUITestsLaunchTests.swift */,
			);
			path = trainingUITests;
			sourceTree = "<group>";
		};
		B2BD23F32AD937FA0024961E /* TableViewCell */ = {
			isa = PBXGroup;
			children = (
				B2BD23F82AD938C60024961E /* ProfileTableViewCell.swift */,
				B2BD23F92AD938C60024961E /* ProfileTableViewCell.xib */,
			);
			path = TableViewCell;
			sourceTree = "<group>";
		};
		B2BD23FC2AD93CFE0024961E /* ImageCollectionViewCell */ = {
			isa = PBXGroup;
			children = (
				B2BD23FD2AD93D400024961E /* ImageCollectionViewCell.swift */,
				B2BD23FE2AD93D400024961E /* ImageCollectionViewCell.xib */,
			);
			path = ImageCollectionViewCell;
			sourceTree = "<group>";
		};
/* End PBXGroup section */

/* Begin PBXNativeTarget section */
		B2BD23AC2AD792BD0024961E /* training */ = {
			isa = PBXNativeTarget;
			buildConfigurationList = B2BD23DA2AD792BE0024961E /* Build configuration list for PBXNativeTarget "training" */;
			buildPhases = (
				A288ADFAF71373D738C91130 /* [CP] Check Pods Manifest.lock */,
				B2BD23A92AD792BD0024961E /* Sources */,
				B2BD23AA2AD792BD0024961E /* Frameworks */,
				B2BD23AB2AD792BD0024961E /* Resources */,
				42CA91FD0C38621343BE76B8 /* [CP] Embed Pods Frameworks */,
			);
			buildRules = (
			);
			dependencies = (
			);
			name = training;
			productName = training;
			productReference = B2BD23AD2AD792BD0024961E /* training.app */;
			productType = "com.apple.product-type.application";
		};
		B2BD23C52AD792BE0024961E /* trainingTests */ = {
			isa = PBXNativeTarget;
			buildConfigurationList = B2BD23DD2AD792BE0024961E /* Build configuration list for PBXNativeTarget "trainingTests" */;
			buildPhases = (
				B2BD23C22AD792BE0024961E /* Sources */,
				B2BD23C32AD792BE0024961E /* Frameworks */,
				B2BD23C42AD792BE0024961E /* Resources */,
			);
			buildRules = (
			);
			dependencies = (
				B2BD23C82AD792BE0024961E /* PBXTargetDependency */,
			);
			name = trainingTests;
			productName = trainingTests;
			productReference = B2BD23C62AD792BE0024961E /* trainingTests.xctest */;
			productType = "com.apple.product-type.bundle.unit-test";
		};
		B2BD23CF2AD792BE0024961E /* trainingUITests */ = {
			isa = PBXNativeTarget;
			buildConfigurationList = B2BD23E02AD792BE0024961E /* Build configuration list for PBXNativeTarget "trainingUITests" */;
			buildPhases = (
				B2BD23CC2AD792BE0024961E /* Sources */,
				B2BD23CD2AD792BE0024961E /* Frameworks */,
				B2BD23CE2AD792BE0024961E /* Resources */,
			);
			buildRules = (
			);
			dependencies = (
				B2BD23D22AD792BE0024961E /* PBXTargetDependency */,
			);
			name = trainingUITests;
			productName = trainingUITests;
			productReference = B2BD23D02AD792BE0024961E /* trainingUITests.xctest */;
			productType = "com.apple.product-type.bundle.ui-testing";
		};
/* End PBXNativeTarget section */

/* Begin PBXProject section */
		B2BD23A52AD792BD0024961E /* Project object */ = {
			isa = PBXProject;
			attributes = {
				BuildIndependentTargetsInParallel = 1;
				LastSwiftUpdateCheck = 1500;
				LastUpgradeCheck = 1500;
				TargetAttributes = {
					B2BD23AC2AD792BD0024961E = {
						CreatedOnToolsVersion = 15.0;
					};
					B2BD23C52AD792BE0024961E = {
						CreatedOnToolsVersion = 15.0;
						TestTargetID = B2BD23AC2AD792BD0024961E;
					};
					B2BD23CF2AD792BE0024961E = {
						CreatedOnToolsVersion = 15.0;
						TestTargetID = B2BD23AC2AD792BD0024961E;
					};
				};
			};
			buildConfigurationList = B2BD23A82AD792BD0024961E /* Build configuration list for PBXProject "training" */;
			compatibilityVersion = "Xcode 14.0";
			developmentRegion = en;
			hasScannedForEncodings = 0;
			knownRegions = (
				en,
				Base,
			);
			mainGroup = B2BD23A42AD792BD0024961E;
			productRefGroup = B2BD23AE2AD792BD0024961E /* Products */;
			projectDirPath = "";
			projectRoot = "";
			targets = (
				B2BD23AC2AD792BD0024961E /* training */,
				B2BD23C52AD792BE0024961E /* trainingTests */,
				B2BD23CF2AD792BE0024961E /* trainingUITests */,
			);
		};
/* End PBXProject section */

/* Begin PBXResourcesBuildPhase section */
		B2BD23AB2AD792BD0024961E /* Resources */ = {
			isa = PBXResourcesBuildPhase;
			buildActionMask = 2147483647;
			files = (
				B2BD23C02AD792BE0024961E /* LaunchScreen.storyboard in Resources */,
				B2BD23FB2AD938C60024961E /* ProfileTableViewCell.xib in Resources */,
				B23B87932AE0CD86002815B5 /* EmployeeTableCell.xib in Resources */,
				B2BD23BD2AD792BE0024961E /* Assets.xcassets in Resources */,
				B2BD23B82AD792BD0024961E /* Main.storyboard in Resources */,
				B2BD24002AD93D400024961E /* ImageCollectionViewCell.xib in Resources */,
			);
			runOnlyForDeploymentPostprocessing = 0;
		};
		B2BD23C42AD792BE0024961E /* Resources */ = {
			isa = PBXResourcesBuildPhase;
			buildActionMask = 2147483647;
			files = (
			);
			runOnlyForDeploymentPostprocessing = 0;
		};
		B2BD23CE2AD792BE0024961E /* Resources */ = {
			isa = PBXResourcesBuildPhase;
			buildActionMask = 2147483647;
			files = (
			);
			runOnlyForDeploymentPostprocessing = 0;
		};
/* End PBXResourcesBuildPhase section */

/* Begin PBXShellScriptBuildPhase section */
		42CA91FD0C38621343BE76B8 /* [CP] Embed Pods Frameworks */ = {
			isa = PBXShellScriptBuildPhase;
			buildActionMask = 2147483647;
			files = (
			);
			inputFileListPaths = (
				"${PODS_ROOT}/Target Support Files/Pods-training/Pods-training-frameworks-${CONFIGURATION}-input-files.xcfilelist",
			);
			name = "[CP] Embed Pods Frameworks";
			outputFileListPaths = (
				"${PODS_ROOT}/Target Support Files/Pods-training/Pods-training-frameworks-${CONFIGURATION}-output-files.xcfilelist",
			);
			runOnlyForDeploymentPostprocessing = 0;
			shellPath = /bin/sh;
			shellScript = "\"${PODS_ROOT}/Target Support Files/Pods-training/Pods-training-frameworks.sh\"\n";
			showEnvVarsInLog = 0;
		};
		A288ADFAF71373D738C91130 /* [CP] Check Pods Manifest.lock */ = {
			isa = PBXShellScriptBuildPhase;
			buildActionMask = 2147483647;
			files = (
			);
			inputFileListPaths = (
			);
			inputPaths = (
				"${PODS_PODFILE_DIR_PATH}/Podfile.lock",
				"${PODS_ROOT}/Manifest.lock",
			);
			name = "[CP] Check Pods Manifest.lock";
			outputFileListPaths = (
			);
			outputPaths = (
				"$(DERIVED_FILE_DIR)/Pods-training-checkManifestLockResult.txt",
			);
			runOnlyForDeploymentPostprocessing = 0;
			shellPath = /bin/sh;
			shellScript = "diff \"${PODS_PODFILE_DIR_PATH}/Podfile.lock\" \"${PODS_ROOT}/Manifest.lock\" > /dev/null\nif [ $? != 0 ] ; then\n    # print error to STDERR\n    echo \"error: The sandbox is not in sync with the Podfile.lock. Run 'pod install' or update your CocoaPods installation.\" >&2\n    exit 1\nfi\n# This output is used by Xcode 'outputs' to avoid re-running this script phase.\necho \"SUCCESS\" > \"${SCRIPT_OUTPUT_FILE_0}\"\n";
			showEnvVarsInLog = 0;
		};
/* End PBXShellScriptBuildPhase section */

/* Begin PBXSourcesBuildPhase section */
		B2BD23A92AD792BD0024961E /* Sources */ = {
			isa = PBXSourcesBuildPhase;
			buildActionMask = 2147483647;
			files = (
				B2BD23EE2AD92A1F0024961E /* ReadTabControllerViewController.swift in Sources */,
				B2A8E12B2ADFBDCE00965282 /* GetEmployeDetails.swift in Sources */,
				B23B879C2AE0E3EF002815B5 /* LocalStorage.xcdatamodeld in Sources */,
				B2BD23B52AD792BD0024961E /* ViewController.swift in Sources */,
				B2BD23BB2AD792BD0024961E /* training.xcdatamodeld in Sources */,
				B2A8E1292ADFBB4300965282 /* GetCharacterDetail.swift in Sources */,
				B23B87A72AE10862002815B5 /* APIService.swift in Sources */,
				B2BD23FA2AD938C60024961E /* ProfileTableViewCell.swift in Sources */,
				B2BD23F02AD92C7D0024961E /* ImageViewController.swift in Sources */,
				B2BD23B12AD792BD0024961E /* AppDelegate.swift in Sources */,
				B23B87A02AE105E3002815B5 /* EmployeeModel.swift in Sources */,
				B23B87982AE0CF68002815B5 /* EmployeeTableViewController.swift in Sources */,
				B23B878F2AE0CA69002815B5 /* EmployeeService.swift in Sources */,
				B2E9826D2ADF70FE004A35F9 /* DTableViewController.swift in Sources */,
				B23B87922AE0CD86002815B5 /* EmployeeTableCell.swift in Sources */,
				B23B87A52AE10795002815B5 /* EmployeeViewModel.swift in Sources */,
				B2BD23FF2AD93D400024961E /* ImageCollectionViewCell.swift in Sources */,
				B2BD23B32AD792BD0024961E /* SceneDelegate.swift in Sources */,
				B2BD23EC2AD929A10024961E /* ImagePageController.swift in Sources */,
				B2BD23F22AD936090024961E /* UIImageCollectionController.swift in Sources */,
			);
			runOnlyForDeploymentPostprocessing = 0;
		};
		B2BD23C22AD792BE0024961E /* Sources */ = {
			isa = PBXSourcesBuildPhase;
			buildActionMask = 2147483647;
			files = (
				B2BD23CB2AD792BE0024961E /* trainingTests.swift in Sources */,
			);
			runOnlyForDeploymentPostprocessing = 0;
		};
		B2BD23CC2AD792BE0024961E /* Sources */ = {
			isa = PBXSourcesBuildPhase;
			buildActionMask = 2147483647;
			files = (
				B2BD23D72AD792BE0024961E /* trainingUITestsLaunchTests.swift in Sources */,
				B2BD23D52AD792BE0024961E /* trainingUITests.swift in Sources */,
			);
			runOnlyForDeploymentPostprocessing = 0;
		};
/* End PBXSourcesBuildPhase section */

/* Begin PBXTargetDependency section */
		B2BD23C82AD792BE0024961E /* PBXTargetDependency */ = {
			isa = PBXTargetDependency;
			target = B2BD23AC2AD792BD0024961E /* training */;
			targetProxy = B2BD23C72AD792BE0024961E /* PBXContainerItemProxy */;
		};
		B2BD23D22AD792BE0024961E /* PBXTargetDependency */ = {
			isa = PBXTargetDependency;
			target = B2BD23AC2AD792BD0024961E /* training */;
			targetProxy = B2BD23D12AD792BE0024961E /* PBXContainerItemProxy */;
		};
/* End PBXTargetDependency section */

/* Begin PBXVariantGroup section */
		B2BD23B62AD792BD0024961E /* Main.storyboard */ = {
			isa = PBXVariantGroup;
			children = (
				B2BD23B72AD792BD0024961E /* Base */,
			);
			name = Main.storyboard;
			sourceTree = "<group>";
		};
		B2BD23BE2AD792BE0024961E /* LaunchScreen.storyboard */ = {
			isa = PBXVariantGroup;
			children = (
				B2BD23BF2AD792BE0024961E /* Base */,
			);
			name = LaunchScreen.storyboard;
			sourceTree = "<group>";
		};
/* End PBXVariantGroup section */

/* Begin XCBuildConfiguration section */
		B2BD23D82AD792BE0024961E /* Debug */ = {
			isa = XCBuildConfiguration;
			buildSettings = {
				ALWAYS_SEARCH_USER_PATHS = NO;
				ASSETCATALOG_COMPILER_GENERATE_SWIFT_ASSET_SYMBOL_EXTENSIONS = YES;
				CLANG_ANALYZER_NONNULL = YES;
				CLANG_ANALYZER_NUMBER_OBJECT_CONVERSION = YES_AGGRESSIVE;
				CLANG_CXX_LANGUAGE_STANDARD = "gnu++20";
				CLANG_ENABLE_MODULES = YES;
				CLANG_ENABLE_OBJC_ARC = YES;
				CLANG_ENABLE_OBJC_WEAK = YES;
				CLANG_WARN_BLOCK_CAPTURE_AUTORELEASING = YES;
				CLANG_WARN_BOOL_CONVERSION = YES;
				CLANG_WARN_COMMA = YES;
				CLANG_WARN_CONSTANT_CONVERSION = YES;
				CLANG_WARN_DEPRECATED_OBJC_IMPLEMENTATIONS = YES;
				CLANG_WARN_DIRECT_OBJC_ISA_USAGE = YES_ERROR;
				CLANG_WARN_DOCUMENTATION_COMMENTS = YES;
				CLANG_WARN_EMPTY_BODY = YES;
				CLANG_WARN_ENUM_CONVERSION = YES;
				CLANG_WARN_INFINITE_RECURSION = YES;
				CLANG_WARN_INT_CONVERSION = YES;
				CLANG_WARN_NON_LITERAL_NULL_CONVERSION = YES;
				CLANG_WARN_OBJC_IMPLICIT_RETAIN_SELF = YES;
				CLANG_WARN_OBJC_LITERAL_CONVERSION = YES;
				CLANG_WARN_OBJC_ROOT_CLASS = YES_ERROR;
				CLANG_WARN_QUOTED_INCLUDE_IN_FRAMEWORK_HEADER = YES;
				CLANG_WARN_RANGE_LOOP_ANALYSIS = YES;
				CLANG_WARN_STRICT_PROTOTYPES = YES;
				CLANG_WARN_SUSPICIOUS_MOVE = YES;
				CLANG_WARN_UNGUARDED_AVAILABILITY = YES_AGGRESSIVE;
				CLANG_WARN_UNREACHABLE_CODE = YES;
				CLANG_WARN__DUPLICATE_METHOD_MATCH = YES;
				COPY_PHASE_STRIP = NO;
				DEBUG_INFORMATION_FORMAT = dwarf;
				ENABLE_STRICT_OBJC_MSGSEND = YES;
				ENABLE_TESTABILITY = YES;
				ENABLE_USER_SCRIPT_SANDBOXING = NO;
				GCC_C_LANGUAGE_STANDARD = gnu17;
				GCC_DYNAMIC_NO_PIC = NO;
				GCC_NO_COMMON_BLOCKS = YES;
				GCC_OPTIMIZATION_LEVEL = 0;
				GCC_PREPROCESSOR_DEFINITIONS = (
					"DEBUG=1",
					"$(inherited)",
				);
				GCC_WARN_64_TO_32_BIT_CONVERSION = YES;
				GCC_WARN_ABOUT_RETURN_TYPE = YES_ERROR;
				GCC_WARN_UNDECLARED_SELECTOR = YES;
				GCC_WARN_UNINITIALIZED_AUTOS = YES_AGGRESSIVE;
				GCC_WARN_UNUSED_FUNCTION = YES;
				GCC_WARN_UNUSED_VARIABLE = YES;
				HEADER_SEARCH_PATHS = "";
				IPHONEOS_DEPLOYMENT_TARGET = 17.0;
				LOCALIZATION_PREFERS_STRING_CATALOGS = YES;
				MTL_ENABLE_DEBUG_INFO = INCLUDE_SOURCE;
				MTL_FAST_MATH = YES;
				ONLY_ACTIVE_ARCH = YES;
				SDKROOT = iphoneos;
				SWIFT_ACTIVE_COMPILATION_CONDITIONS = "DEBUG $(inherited)";
				SWIFT_OPTIMIZATION_LEVEL = "-Onone";
			};
			name = Debug;
		};
		B2BD23D92AD792BE0024961E /* Release */ = {
			isa = XCBuildConfiguration;
			buildSettings = {
				ALWAYS_SEARCH_USER_PATHS = NO;
				ASSETCATALOG_COMPILER_GENERATE_SWIFT_ASSET_SYMBOL_EXTENSIONS = YES;
				CLANG_ANALYZER_NONNULL = YES;
				CLANG_ANALYZER_NUMBER_OBJECT_CONVERSION = YES_AGGRESSIVE;
				CLANG_CXX_LANGUAGE_STANDARD = "gnu++20";
				CLANG_ENABLE_MODULES = YES;
				CLANG_ENABLE_OBJC_ARC = YES;
				CLANG_ENABLE_OBJC_WEAK = YES;
				CLANG_WARN_BLOCK_CAPTURE_AUTORELEASING = YES;
				CLANG_WARN_BOOL_CONVERSION = YES;
				CLANG_WARN_COMMA = YES;
				CLANG_WARN_CONSTANT_CONVERSION = YES;
				CLANG_WARN_DEPRECATED_OBJC_IMPLEMENTATIONS = YES;
				CLANG_WARN_DIRECT_OBJC_ISA_USAGE = YES_ERROR;
				CLANG_WARN_DOCUMENTATION_COMMENTS = YES;
				CLANG_WARN_EMPTY_BODY = YES;
				CLANG_WARN_ENUM_CONVERSION = YES;
				CLANG_WARN_INFINITE_RECURSION = YES;
				CLANG_WARN_INT_CONVERSION = YES;
				CLANG_WARN_NON_LITERAL_NULL_CONVERSION = YES;
				CLANG_WARN_OBJC_IMPLICIT_RETAIN_SELF = YES;
				CLANG_WARN_OBJC_LITERAL_CONVERSION = YES;
				CLANG_WARN_OBJC_ROOT_CLASS = YES_ERROR;
				CLANG_WARN_QUOTED_INCLUDE_IN_FRAMEWORK_HEADER = YES;
				CLANG_WARN_RANGE_LOOP_ANALYSIS = YES;
				CLANG_WARN_STRICT_PROTOTYPES = YES;
				CLANG_WARN_SUSPICIOUS_MOVE = YES;
				CLANG_WARN_UNGUARDED_AVAILABILITY = YES_AGGRESSIVE;
				CLANG_WARN_UNREACHABLE_CODE = YES;
				CLANG_WARN__DUPLICATE_METHOD_MATCH = YES;
				COPY_PHASE_STRIP = NO;
				DEBUG_INFORMATION_FORMAT = "dwarf-with-dsym";
				ENABLE_NS_ASSERTIONS = NO;
				ENABLE_STRICT_OBJC_MSGSEND = YES;
				ENABLE_USER_SCRIPT_SANDBOXING = NO;
				GCC_C_LANGUAGE_STANDARD = gnu17;
				GCC_NO_COMMON_BLOCKS = YES;
				GCC_WARN_64_TO_32_BIT_CONVERSION = YES;
				GCC_WARN_ABOUT_RETURN_TYPE = YES_ERROR;
				GCC_WARN_UNDECLARED_SELECTOR = YES;
				GCC_WARN_UNINITIALIZED_AUTOS = YES_AGGRESSIVE;
				GCC_WARN_UNUSED_FUNCTION = YES;
				GCC_WARN_UNUSED_VARIABLE = YES;
				HEADER_SEARCH_PATHS = "";
				IPHONEOS_DEPLOYMENT_TARGET = 17.0;
				LOCALIZATION_PREFERS_STRING_CATALOGS = YES;
				MTL_ENABLE_DEBUG_INFO = NO;
				MTL_FAST_MATH = YES;
				SDKROOT = iphoneos;
				SWIFT_COMPILATION_MODE = wholemodule;
				VALIDATE_PRODUCT = YES;
			};
			name = Release;
		};
		B2BD23DB2AD792BE0024961E /* Debug */ = {
			isa = XCBuildConfiguration;
			baseConfigurationReference = 8AA5413CC5A82060C47D8019 /* Pods-training.debug.xcconfig */;
			buildSettings = {
				ASSETCATALOG_COMPILER_APPICON_NAME = AppIcon;
				ASSETCATALOG_COMPILER_GLOBAL_ACCENT_COLOR_NAME = AccentColor;
				CODE_SIGN_STYLE = Automatic;
				CURRENT_PROJECT_VERSION = 1;
				GENERATE_INFOPLIST_FILE = YES;
				HEADER_SEARCH_PATHS = "$(inherited)";
				INFOPLIST_FILE = training/Info.plist;
				INFOPLIST_KEY_UIApplicationSupportsIndirectInputEvents = YES;
				INFOPLIST_KEY_UILaunchStoryboardName = LaunchScreen;
				INFOPLIST_KEY_UIMainStoryboardFile = Main;
				INFOPLIST_KEY_UISupportedInterfaceOrientations_iPad = "UIInterfaceOrientationPortrait UIInterfaceOrientationPortraitUpsideDown UIInterfaceOrientationLandscapeLeft UIInterfaceOrientationLandscapeRight";
				INFOPLIST_KEY_UISupportedInterfaceOrientations_iPhone = "UIInterfaceOrientationPortrait UIInterfaceOrientationLandscapeLeft UIInterfaceOrientationLandscapeRight";
				LD_RUNPATH_SEARCH_PATHS = (
					"$(inherited)",
					"@executable_path/Frameworks",
				);
				MARKETING_VERSION = 1.0;
				PRODUCT_BUNDLE_IDENTIFIER = com.bca.training.training;
				PRODUCT_NAME = "$(TARGET_NAME)";
				SWIFT_EMIT_LOC_STRINGS = YES;
				SWIFT_VERSION = 5.0;
				TARGETED_DEVICE_FAMILY = "1,2";
			};
			name = Debug;
		};
		B2BD23DC2AD792BE0024961E /* Release */ = {
			isa = XCBuildConfiguration;
			baseConfigurationReference = 641524DBF6877BB320272639 /* Pods-training.release.xcconfig */;
			buildSettings = {
				ASSETCATALOG_COMPILER_APPICON_NAME = AppIcon;
				ASSETCATALOG_COMPILER_GLOBAL_ACCENT_COLOR_NAME = AccentColor;
				CODE_SIGN_STYLE = Automatic;
				CURRENT_PROJECT_VERSION = 1;
				GENERATE_INFOPLIST_FILE = YES;
				HEADER_SEARCH_PATHS = "$(inherited)";
				INFOPLIST_FILE = training/Info.plist;
				INFOPLIST_KEY_UIApplicationSupportsIndirectInputEvents = YES;
				INFOPLIST_KEY_UILaunchStoryboardName = LaunchScreen;
				INFOPLIST_KEY_UIMainStoryboardFile = Main;
				INFOPLIST_KEY_UISupportedInterfaceOrientations_iPad = "UIInterfaceOrientationPortrait UIInterfaceOrientationPortraitUpsideDown UIInterfaceOrientationLandscapeLeft UIInterfaceOrientationLandscapeRight";
				INFOPLIST_KEY_UISupportedInterfaceOrientations_iPhone = "UIInterfaceOrientationPortrait UIInterfaceOrientationLandscapeLeft UIInterfaceOrientationLandscapeRight";
				LD_RUNPATH_SEARCH_PATHS = (
					"$(inherited)",
					"@executable_path/Frameworks",
				);
				MARKETING_VERSION = 1.0;
				PRODUCT_BUNDLE_IDENTIFIER = com.bca.training.training;
				PRODUCT_NAME = "$(TARGET_NAME)";
				SWIFT_EMIT_LOC_STRINGS = YES;
				SWIFT_VERSION = 5.0;
				TARGETED_DEVICE_FAMILY = "1,2";
			};
			name = Release;
		};
		B2BD23DE2AD792BE0024961E /* Debug */ = {
			isa = XCBuildConfiguration;
			buildSettings = {
				ALWAYS_EMBED_SWIFT_STANDARD_LIBRARIES = YES;
				BUNDLE_LOADER = "$(TEST_HOST)";
				CODE_SIGN_STYLE = Automatic;
				CURRENT_PROJECT_VERSION = 1;
				GENERATE_INFOPLIST_FILE = YES;
				IPHONEOS_DEPLOYMENT_TARGET = 17.0;
				MARKETING_VERSION = 1.0;
				PRODUCT_BUNDLE_IDENTIFIER = com.bca.training.trainingTests;
				PRODUCT_NAME = "$(TARGET_NAME)";
				SWIFT_EMIT_LOC_STRINGS = NO;
				SWIFT_VERSION = 5.0;
				TARGETED_DEVICE_FAMILY = "1,2";
				TEST_HOST = "$(BUILT_PRODUCTS_DIR)/training.app/$(BUNDLE_EXECUTABLE_FOLDER_PATH)/training";
			};
			name = Debug;
		};
		B2BD23DF2AD792BE0024961E /* Release */ = {
			isa = XCBuildConfiguration;
			buildSettings = {
				ALWAYS_EMBED_SWIFT_STANDARD_LIBRARIES = YES;
				BUNDLE_LOADER = "$(TEST_HOST)";
				CODE_SIGN_STYLE = Automatic;
				CURRENT_PROJECT_VERSION = 1;
				GENERATE_INFOPLIST_FILE = YES;
				IPHONEOS_DEPLOYMENT_TARGET = 17.0;
				MARKETING_VERSION = 1.0;
				PRODUCT_BUNDLE_IDENTIFIER = com.bca.training.trainingTests;
				PRODUCT_NAME = "$(TARGET_NAME)";
				SWIFT_EMIT_LOC_STRINGS = NO;
				SWIFT_VERSION = 5.0;
				TARGETED_DEVICE_FAMILY = "1,2";
				TEST_HOST = "$(BUILT_PRODUCTS_DIR)/training.app/$(BUNDLE_EXECUTABLE_FOLDER_PATH)/training";
			};
			name = Release;
		};
		B2BD23E12AD792BE0024961E /* Debug */ = {
			isa = XCBuildConfiguration;
			buildSettings = {
				ALWAYS_EMBED_SWIFT_STANDARD_LIBRARIES = YES;
				CODE_SIGN_STYLE = Automatic;
				CURRENT_PROJECT_VERSION = 1;
				GENERATE_INFOPLIST_FILE = YES;
				MARKETING_VERSION = 1.0;
				PRODUCT_BUNDLE_IDENTIFIER = com.bca.training.trainingUITests;
				PRODUCT_NAME = "$(TARGET_NAME)";
				SWIFT_EMIT_LOC_STRINGS = NO;
				SWIFT_VERSION = 5.0;
				TARGETED_DEVICE_FAMILY = "1,2";
				TEST_TARGET_NAME = training;
			};
			name = Debug;
		};
		B2BD23E22AD792BE0024961E /* Release */ = {
			isa = XCBuildConfiguration;
			buildSettings = {
				ALWAYS_EMBED_SWIFT_STANDARD_LIBRARIES = YES;
				CODE_SIGN_STYLE = Automatic;
				CURRENT_PROJECT_VERSION = 1;
				GENERATE_INFOPLIST_FILE = YES;
				MARKETING_VERSION = 1.0;
				PRODUCT_BUNDLE_IDENTIFIER = com.bca.training.trainingUITests;
				PRODUCT_NAME = "$(TARGET_NAME)";
				SWIFT_EMIT_LOC_STRINGS = NO;
				SWIFT_VERSION = 5.0;
				TARGETED_DEVICE_FAMILY = "1,2";
				TEST_TARGET_NAME = training;
			};
			name = Release;
		};
/* End XCBuildConfiguration section */

/* Begin XCConfigurationList section */
		B2BD23A82AD792BD0024961E /* Build configuration list for PBXProject "training" */ = {
			isa = XCConfigurationList;
			buildConfigurations = (
				B2BD23D82AD792BE0024961E /* Debug */,
				B2BD23D92AD792BE0024961E /* Release */,
			);
			defaultConfigurationIsVisible = 0;
			defaultConfigurationName = Release;
		};
		B2BD23DA2AD792BE0024961E /* Build configuration list for PBXNativeTarget "training" */ = {
			isa = XCConfigurationList;
			buildConfigurations = (
				B2BD23DB2AD792BE0024961E /* Debug */,
				B2BD23DC2AD792BE0024961E /* Release */,
			);
			defaultConfigurationIsVisible = 0;
			defaultConfigurationName = Release;
		};
		B2BD23DD2AD792BE0024961E /* Build configuration list for PBXNativeTarget "trainingTests" */ = {
			isa = XCConfigurationList;
			buildConfigurations = (
				B2BD23DE2AD792BE0024961E /* Debug */,
				B2BD23DF2AD792BE0024961E /* Release */,
			);
			defaultConfigurationIsVisible = 0;
			defaultConfigurationName = Release;
		};
		B2BD23E02AD792BE0024961E /* Build configuration list for PBXNativeTarget "trainingUITests" */ = {
			isa = XCConfigurationList;
			buildConfigurations = (
				B2BD23E12AD792BE0024961E /* Debug */,
				B2BD23E22AD792BE0024961E /* Release */,
			);
			defaultConfigurationIsVisible = 0;
			defaultConfigurationName = Release;
		};
/* End XCConfigurationList section */

/* Begin XCVersionGroup section */
		B23B879A2AE0E3EF002815B5 /* LocalStorage.xcdatamodeld */ = {
			isa = XCVersionGroup;
			children = (
				B23B879B2AE0E3EF002815B5 /* Employee.xcdatamodel */,
			);
			currentVersion = B23B879B2AE0E3EF002815B5 /* Employee.xcdatamodel */;
			path = LocalStorage.xcdatamodeld;
			sourceTree = "<group>";
			versionGroupType = wrapper.xcdatamodel;
		};
		B2BD23B92AD792BD0024961E /* training.xcdatamodeld */ = {
			isa = XCVersionGroup;
			children = (
				B2BD23BA2AD792BD0024961E /* training.xcdatamodel */,
			);
			currentVersion = B2BD23BA2AD792BD0024961E /* training.xcdatamodel */;
			path = training.xcdatamodeld;
			sourceTree = "<group>";
			versionGroupType = wrapper.xcdatamodel;
		};
/* End XCVersionGroup section */
	};
	rootObject = B2BD23A52AD792BD0024961E /* Project object */;
}
